
Microsoft Visual Studio Solution File, Format Version 12.00
# Visual Studio Version 16
VisualStudioVersion = 16.0.29509.3
MinimumVisualStudioVersion = 10.0.40219.1
Project("{9A19103F-16F7-4668-BE54-9A1E7A4F7556}") = "todo-app-net-core", "todo-app-net-core.csproj", "{EA82A8BB-F9B2-4F60-ABCA-4CA29B923417}"
EndProject
Global
	GlobalSection(SolutionConfigurationPlatforms) = preSolution
		Debug|Any CPU = Debug|Any CPU
		Release|Any CPU = Release|Any CPU
	EndGlobalSection
	GlobalSection(ProjectConfigurationPlatforms) = postSolution
		{EA82A8BB-F9B2-4F60-ABCA-4CA29B923417}.Debug|Any CPU.ActiveCfg = Debug|Any CPU
		{EA82A8BB-F9B2-4F60-ABCA-4CA29B923417}.Debug|Any CPU.Build.0 = Debug|Any CPU
		{EA82A8BB-F9B2-4F60-ABCA-4CA29B923417}.Release|Any CPU.ActiveCfg = Release|Any CPU
		{EA82A8BB-F9B2-4F60-ABCA-4CA29B923417}.Release|Any CPU.Build.0 = Release|Any CPU
	EndGlobalSection
	GlobalSection(SolutionProperties) = preSolution
		HideSolutionNode = FALSE
	EndGlobalSection
	GlobalSection(ExtensibilityGlobals) = postSolution
		SolutionGuid = {27A5EE53-C87F-4431-805B-689D87480AFF}
	EndGlobalSection
EndGlobal
